
Microsoft Visual Studio Solution File, Format Version 12.00
# Visual Studio 15
VisualStudioVersion = 15.0.27004.2006
MinimumVisualStudioVersion = 10.0.40219.1
Project("{FAE04EC0-301F-11D3-BF4B-00C04F79EFBC}") = "Opgave1", "Opgave1\Opgave1.csproj", "{37F7B8BA-9B94-48BC-B23D-9ABC578CBC9A}"
EndProject
Project("{FAE04EC0-301F-11D3-BF4B-00C04F79EFBC}") = "Opgave2", "Opgave2\Opgave2.csproj", "{EC7B1654-ACBE-4416-9122-C5B50AA20F0A}"
EndProject
Global
	GlobalSection(SolutionConfigurationPlatforms) = preSolution
		Debug|Any CPU = Debug|Any CPU
		Release|Any CPU = Release|Any CPU
	EndGlobalSection
	GlobalSection(ProjectConfigurationPlatforms) = postSolution
		{37F7B8BA-9B94-48BC-B23D-9ABC578CBC9A}.Debug|Any CPU.ActiveCfg = Debug|Any CPU
		{37F7B8BA-9B94-48BC-B23D-9ABC578CBC9A}.Debug|Any CPU.Build.0 = Debug|Any CPU
		{37F7B8BA-9B94-48BC-B23D-9ABC578CBC9A}.Release|Any CPU.ActiveCfg = Release|Any CPU
		{37F7B8BA-9B94-48BC-B23D-9ABC578CBC9A}.Release|Any CPU.Build.0 = Release|Any CPU
		{EC7B1654-ACBE-4416-9122-C5B50AA20F0A}.Debug|Any CPU.ActiveCfg = Debug|Any CPU
		{EC7B1654-ACBE-4416-9122-C5B50AA20F0A}.Debug|Any CPU.Build.0 = Debug|Any CPU
		{EC7B1654-ACBE-4416-9122-C5B50AA20F0A}.Release|Any CPU.ActiveCfg = Release|Any CPU
		{EC7B1654-ACBE-4416-9122-C5B50AA20F0A}.Release|Any CPU.Build.0 = Release|Any CPU
	EndGlobalSection
	GlobalSection(SolutionProperties) = preSolution
		HideSolutionNode = FALSE
	EndGlobalSection
	GlobalSection(ExtensibilityGlobals) = postSolution
		SolutionGuid = {22E2743B-3BE5-4F6E-8D4F-A52A12887649}
	EndGlobalSection
EndGlobal
